
Microsoft Visual Studio Solution File, Format Version 12.00
# Visual Studio Version 16
VisualStudioVersion = 16.0.31129.286
MinimumVisualStudioVersion = 10.0.40219.1
Project("{9A19103F-16F7-4668-BE54-9A1E7A4F7556}") = "PasswordManager", "PasswordManager\PasswordManager.csproj", "{22B4AFBE-AC1F-4C4F-9B6D-55F43727E61E}"
EndProject
Project("{9A19103F-16F7-4668-BE54-9A1E7A4F7556}") = "PasswordManager.Core", "PasswordManager.Core\PasswordManager.Core.csproj", "{4423C067-ADA4-4F00-8F25-45C1C76A181C}"
EndProject
Project("{FAE04EC0-301F-11D3-BF4B-00C04F79EFBC}") = "PasswordManager.Data", "PasswordManager.Data\PasswordManager.Data.csproj", "{EA4EA59B-3649-4458-ADA2-0703698CE658}"
EndProject
Global
	GlobalSection(SolutionConfigurationPlatforms) = preSolution
		Debug|Any CPU = Debug|Any CPU
		Release|Any CPU = Release|Any CPU
	EndGlobalSection
	GlobalSection(ProjectConfigurationPlatforms) = postSolution
		{22B4AFBE-AC1F-4C4F-9B6D-55F43727E61E}.Debug|Any CPU.ActiveCfg = Debug|Any CPU
		{22B4AFBE-AC1F-4C4F-9B6D-55F43727E61E}.Debug|Any CPU.Build.0 = Debug|Any CPU
		{22B4AFBE-AC1F-4C4F-9B6D-55F43727E61E}.Release|Any CPU.ActiveCfg = Release|Any CPU
		{22B4AFBE-AC1F-4C4F-9B6D-55F43727E61E}.Release|Any CPU.Build.0 = Release|Any CPU
		{4423C067-ADA4-4F00-8F25-45C1C76A181C}.Debug|Any CPU.ActiveCfg = Debug|Any CPU
		{4423C067-ADA4-4F00-8F25-45C1C76A181C}.Debug|Any CPU.Build.0 = Debug|Any CPU
		{4423C067-ADA4-4F00-8F25-45C1C76A181C}.Release|Any CPU.ActiveCfg = Release|Any CPU
		{4423C067-ADA4-4F00-8F25-45C1C76A181C}.Release|Any CPU.Build.0 = Release|Any CPU
		{EA4EA59B-3649-4458-ADA2-0703698CE658}.Debug|Any CPU.ActiveCfg = Debug|Any CPU
		{EA4EA59B-3649-4458-ADA2-0703698CE658}.Debug|Any CPU.Build.0 = Debug|Any CPU
		{EA4EA59B-3649-4458-ADA2-0703698CE658}.Release|Any CPU.ActiveCfg = Release|Any CPU
		{EA4EA59B-3649-4458-ADA2-0703698CE658}.Release|Any CPU.Build.0 = Release|Any CPU
	EndGlobalSection
	GlobalSection(SolutionProperties) = preSolution
		HideSolutionNode = FALSE
	EndGlobalSection
	GlobalSection(ExtensibilityGlobals) = postSolution
		SolutionGuid = {FB52D8BC-CEA8-4595-B28F-83178D5923DA}
	EndGlobalSection
EndGlobal
