
Microsoft Visual Studio Solution File, Format Version 12.00
# Visual Studio Version 16
VisualStudioVersion = 16.0.31129.286
MinimumVisualStudioVersion = 10.0.40219.1
Project("{FAE04EC0-301F-11D3-BF4B-00C04F79EFBC}") = "PasswordManager", "PasswordManager\PasswordManager.csproj", "{22B4AFBE-AC1F-4C4F-9B6D-55F43727E61E}"
EndProject
Global
	GlobalSection(SolutionConfigurationPlatforms) = preSolution
		Debug|Any CPU = Debug|Any CPU
		Release|Any CPU = Release|Any CPU
	EndGlobalSection
	GlobalSection(ProjectConfigurationPlatforms) = postSolution
		{22B4AFBE-AC1F-4C4F-9B6D-55F43727E61E}.Debug|Any CPU.ActiveCfg = Debug|Any CPU
		{22B4AFBE-AC1F-4C4F-9B6D-55F43727E61E}.Debug|Any CPU.Build.0 = Debug|Any CPU
		{22B4AFBE-AC1F-4C4F-9B6D-55F43727E61E}.Release|Any CPU.ActiveCfg = Release|Any CPU
		{22B4AFBE-AC1F-4C4F-9B6D-55F43727E61E}.Release|Any CPU.Build.0 = Release|Any CPU
	EndGlobalSection
	GlobalSection(SolutionProperties) = preSolution
		HideSolutionNode = FALSE
	EndGlobalSection
	GlobalSection(ExtensibilityGlobals) = postSolution
		SolutionGuid = {FB52D8BC-CEA8-4595-B28F-83178D5923DA}
	EndGlobalSection
EndGlobal
